
Microsoft Visual Studio Solution File, Format Version 12.00
# Visual Studio Version 17
VisualStudioVersion = 17.5.33502.453
MinimumVisualStudioVersion = 10.0.40219.1
Project("{FAE04EC0-301F-11D3-BF4B-00C04F79EFBC}") = "Nexus_Manegement", "Nexus_Manegement.csproj", "{B788F970-E30E-4FB7-9DCA-8491A082046A}"
EndProject
Global
	GlobalSection(SolutionConfigurationPlatforms) = preSolution
		Debug|Any CPU = Debug|Any CPU
		Release|Any CPU = Release|Any CPU
	EndGlobalSection
	GlobalSection(ProjectConfigurationPlatforms) = postSolution
		{B788F970-E30E-4FB7-9DCA-8491A082046A}.Debug|Any CPU.ActiveCfg = Debug|Any CPU
		{B788F970-E30E-4FB7-9DCA-8491A082046A}.Debug|Any CPU.Build.0 = Debug|Any CPU
		{B788F970-E30E-4FB7-9DCA-8491A082046A}.Release|Any CPU.ActiveCfg = Release|Any CPU
		{B788F970-E30E-4FB7-9DCA-8491A082046A}.Release|Any CPU.Build.0 = Release|Any CPU
	EndGlobalSection
	GlobalSection(SolutionProperties) = preSolution
		HideSolutionNode = FALSE
	EndGlobalSection
	GlobalSection(ExtensibilityGlobals) = postSolution
		SolutionGuid = {A3853E83-6A76-4CD9-80D6-F0FA9C8B971D}
	EndGlobalSection
EndGlobal
